
Microsoft Visual Studio Solution File, Format Version 12.00
# Visual Studio 14
VisualStudioVersion = 14.0.23107.0
MinimumVisualStudioVersion = 10.0.40219.1
Project("{FAE04EC0-301F-11D3-BF4B-00C04F79EFBC}") = "BeaversHockeyPortal", "BeaversHockeyPortal\BeaversHockeyPortal.csproj", "{7817FA2C-A987-4310-9871-503B02434475}"
EndProject
Project("{FAE04EC0-301F-11D3-BF4B-00C04F79EFBC}") = "BeaversHockeyPortal.Tests", "BeaversHockeyPortal.Tests\BeaversHockeyPortal.Tests.csproj", "{317C7ABB-F8DC-4A38-841C-9ADE17DF65BA}"
EndProject
Project("{2150E333-8FDC-42A3-9474-1A3956D46DE8}") = "Solution Items", "Solution Items", "{C1DF3C50-39DA-46DB-926A-E59556ACA2DA}"
	ProjectSection(SolutionItems) = preProject
		global.json = global.json
	EndProjectSection
EndProject
Project("{FAE04EC0-301F-11D3-BF4B-00C04F79EFBC}") = "DataModel", "DataModel\DataModel.csproj", "{A78DF158-9F46-40EA-97AA-7D54636D7810}"
EndProject
Project("{FAE04EC0-301F-11D3-BF4B-00C04F79EFBC}") = "Utilities", "Utilities\Utilities.csproj", "{FE1F0108-8BBB-4A95-A1FE-9E5C328CAACC}"
EndProject
Project("{FAE04EC0-301F-11D3-BF4B-00C04F79EFBC}") = "EmailModule", "EmailModule\EmailModule.csproj", "{1320B7AF-DC6C-432B-B6A8-DC48F606CCF4}"
EndProject
Global
	GlobalSection(SolutionConfigurationPlatforms) = preSolution
		Debug|Any CPU = Debug|Any CPU
		Release|Any CPU = Release|Any CPU
	EndGlobalSection
	GlobalSection(ProjectConfigurationPlatforms) = postSolution
		{7817FA2C-A987-4310-9871-503B02434475}.Debug|Any CPU.ActiveCfg = Debug|Any CPU
		{7817FA2C-A987-4310-9871-503B02434475}.Debug|Any CPU.Build.0 = Debug|Any CPU
		{7817FA2C-A987-4310-9871-503B02434475}.Release|Any CPU.ActiveCfg = Release|Any CPU
		{7817FA2C-A987-4310-9871-503B02434475}.Release|Any CPU.Build.0 = Release|Any CPU
		{317C7ABB-F8DC-4A38-841C-9ADE17DF65BA}.Debug|Any CPU.ActiveCfg = Debug|Any CPU
		{317C7ABB-F8DC-4A38-841C-9ADE17DF65BA}.Debug|Any CPU.Build.0 = Debug|Any CPU
		{317C7ABB-F8DC-4A38-841C-9ADE17DF65BA}.Release|Any CPU.ActiveCfg = Release|Any CPU
		{317C7ABB-F8DC-4A38-841C-9ADE17DF65BA}.Release|Any CPU.Build.0 = Release|Any CPU
		{A78DF158-9F46-40EA-97AA-7D54636D7810}.Debug|Any CPU.ActiveCfg = Debug|Any CPU
		{A78DF158-9F46-40EA-97AA-7D54636D7810}.Debug|Any CPU.Build.0 = Debug|Any CPU
		{A78DF158-9F46-40EA-97AA-7D54636D7810}.Release|Any CPU.ActiveCfg = Release|Any CPU
		{A78DF158-9F46-40EA-97AA-7D54636D7810}.Release|Any CPU.Build.0 = Release|Any CPU
		{FE1F0108-8BBB-4A95-A1FE-9E5C328CAACC}.Debug|Any CPU.ActiveCfg = Debug|Any CPU
		{FE1F0108-8BBB-4A95-A1FE-9E5C328CAACC}.Debug|Any CPU.Build.0 = Debug|Any CPU
		{FE1F0108-8BBB-4A95-A1FE-9E5C328CAACC}.Release|Any CPU.ActiveCfg = Release|Any CPU
		{FE1F0108-8BBB-4A95-A1FE-9E5C328CAACC}.Release|Any CPU.Build.0 = Release|Any CPU
		{1320B7AF-DC6C-432B-B6A8-DC48F606CCF4}.Debug|Any CPU.ActiveCfg = Debug|Any CPU
		{1320B7AF-DC6C-432B-B6A8-DC48F606CCF4}.Debug|Any CPU.Build.0 = Debug|Any CPU
		{1320B7AF-DC6C-432B-B6A8-DC48F606CCF4}.Release|Any CPU.ActiveCfg = Release|Any CPU
		{1320B7AF-DC6C-432B-B6A8-DC48F606CCF4}.Release|Any CPU.Build.0 = Release|Any CPU
	EndGlobalSection
	GlobalSection(SolutionProperties) = preSolution
		HideSolutionNode = FALSE
	EndGlobalSection
EndGlobal
